
Microsoft Visual Studio Solution File, Format Version 12.00
# Visual Studio 15
VisualStudioVersion = 15.0.27130.2027
MinimumVisualStudioVersion = 10.0.40219.1
Project("{FAE04EC0-301F-11D3-BF4B-00C04F79EFBC}") = "InlämningsUppgift2", "InlämningsUppgift2\InlämningsUppgift2.csproj", "{16861F90-CE9F-4B92-BDDA-2DBAA9FD1F93}"
EndProject
Global
	GlobalSection(SolutionConfigurationPlatforms) = preSolution
		Debug|Any CPU = Debug|Any CPU
		Release|Any CPU = Release|Any CPU
	EndGlobalSection
	GlobalSection(ProjectConfigurationPlatforms) = postSolution
		{16861F90-CE9F-4B92-BDDA-2DBAA9FD1F93}.Debug|Any CPU.ActiveCfg = Debug|Any CPU
		{16861F90-CE9F-4B92-BDDA-2DBAA9FD1F93}.Debug|Any CPU.Build.0 = Debug|Any CPU
		{16861F90-CE9F-4B92-BDDA-2DBAA9FD1F93}.Release|Any CPU.ActiveCfg = Release|Any CPU
		{16861F90-CE9F-4B92-BDDA-2DBAA9FD1F93}.Release|Any CPU.Build.0 = Release|Any CPU
	EndGlobalSection
	GlobalSection(SolutionProperties) = preSolution
		HideSolutionNode = FALSE
	EndGlobalSection
	GlobalSection(ExtensibilityGlobals) = postSolution
		SolutionGuid = {5B29CD7B-48AA-472D-8E0D-97B38DA0AB0C}
	EndGlobalSection
EndGlobal
