
Microsoft Visual Studio Solution File, Format Version 12.00
# Visual Studio 15
VisualStudioVersion = 15.0.27130.2027
MinimumVisualStudioVersion = 10.0.40219.1
Project("{FAE04EC0-301F-11D3-BF4B-00C04F79EFBC}") = "SwapÖvning", "SwapÖvning\SwapÖvning.csproj", "{71017AE1-7EFA-453A-8EE6-2A07CAF5E5F6}"
EndProject
Global
	GlobalSection(SolutionConfigurationPlatforms) = preSolution
		Debug|Any CPU = Debug|Any CPU
		Release|Any CPU = Release|Any CPU
	EndGlobalSection
	GlobalSection(ProjectConfigurationPlatforms) = postSolution
		{71017AE1-7EFA-453A-8EE6-2A07CAF5E5F6}.Debug|Any CPU.ActiveCfg = Debug|Any CPU
		{71017AE1-7EFA-453A-8EE6-2A07CAF5E5F6}.Debug|Any CPU.Build.0 = Debug|Any CPU
		{71017AE1-7EFA-453A-8EE6-2A07CAF5E5F6}.Release|Any CPU.ActiveCfg = Release|Any CPU
		{71017AE1-7EFA-453A-8EE6-2A07CAF5E5F6}.Release|Any CPU.Build.0 = Release|Any CPU
	EndGlobalSection
	GlobalSection(SolutionProperties) = preSolution
		HideSolutionNode = FALSE
	EndGlobalSection
	GlobalSection(ExtensibilityGlobals) = postSolution
		SolutionGuid = {8CC19504-BA19-4C49-8A7B-88BA76FCA392}
	EndGlobalSection
EndGlobal
