
Microsoft Visual Studio Solution File, Format Version 12.00
# Visual Studio 15
VisualStudioVersion = 15.0.27130.2027
MinimumVisualStudioVersion = 10.0.40219.1
Project("{9A19103F-16F7-4668-BE54-9A1E7A4F7556}") = "TextFileHandler", "..\..\ProjektSomKanImporteras\FileHandler\FileHandler\TextFileHandler.csproj", "{AD33843C-EA7F-4666-BB4A-ABCD8BB9D376}"
EndProject
Project("{9A19103F-16F7-4668-BE54-9A1E7A4F7556}") = "Inlämninguppgift1", "Inlämninguppgift1\Inlämninguppgift1.csproj", "{9113BE96-7C1E-496F-9D74-E87DB9C8A0A0}"
EndProject
Global
	GlobalSection(SolutionConfigurationPlatforms) = preSolution
		Debug|Any CPU = Debug|Any CPU
		Release|Any CPU = Release|Any CPU
	EndGlobalSection
	GlobalSection(ProjectConfigurationPlatforms) = postSolution
		{AD33843C-EA7F-4666-BB4A-ABCD8BB9D376}.Debug|Any CPU.ActiveCfg = Debug|Any CPU
		{AD33843C-EA7F-4666-BB4A-ABCD8BB9D376}.Debug|Any CPU.Build.0 = Debug|Any CPU
		{AD33843C-EA7F-4666-BB4A-ABCD8BB9D376}.Release|Any CPU.ActiveCfg = Release|Any CPU
		{AD33843C-EA7F-4666-BB4A-ABCD8BB9D376}.Release|Any CPU.Build.0 = Release|Any CPU
		{9113BE96-7C1E-496F-9D74-E87DB9C8A0A0}.Debug|Any CPU.ActiveCfg = Debug|Any CPU
		{9113BE96-7C1E-496F-9D74-E87DB9C8A0A0}.Debug|Any CPU.Build.0 = Debug|Any CPU
		{9113BE96-7C1E-496F-9D74-E87DB9C8A0A0}.Release|Any CPU.ActiveCfg = Release|Any CPU
		{9113BE96-7C1E-496F-9D74-E87DB9C8A0A0}.Release|Any CPU.Build.0 = Release|Any CPU
	EndGlobalSection
	GlobalSection(SolutionProperties) = preSolution
		HideSolutionNode = FALSE
	EndGlobalSection
	GlobalSection(ExtensibilityGlobals) = postSolution
		SolutionGuid = {24F94052-A124-4CB1-8F0C-86867CA1F288}
	EndGlobalSection
EndGlobal
